
Microsoft Visual Studio Solution File, Format Version 12.00
# Visual Studio Version 17
VisualStudioVersion = 17.4.33213.308
MinimumVisualStudioVersion = 10.0.40219.1
Project("{FAE04EC0-301F-11D3-BF4B-00C04F79EFBC}") = "USB HID con la PICDEM FSUSB 18F4550", "USB HID con la PICDEM FSUSB 18F4550.csproj", "{D27AF6D7-9FB7-493A-BD2D-3DA9359F4781}"
EndProject
Project("{FAE04EC0-301F-11D3-BF4B-00C04F79EFBC}") = "PICusbdemo3_0", "..\PasoApaso\UrratsezUrrats4_0\Visual C#\PC C# VERSION FINAL V0.3\PICusbdemo3_0.csproj", "{53D53C19-D776-466C-8B34-9BA8F78763C5}"
EndProject
Global
	GlobalSection(SolutionConfigurationPlatforms) = preSolution
		Debug|Any CPU = Debug|Any CPU
		Debug|x86 = Debug|x86
		Release|Any CPU = Release|Any CPU
		Release|x86 = Release|x86
	EndGlobalSection
	GlobalSection(ProjectConfigurationPlatforms) = postSolution
		{D27AF6D7-9FB7-493A-BD2D-3DA9359F4781}.Debug|Any CPU.ActiveCfg = Debug|x86
		{D27AF6D7-9FB7-493A-BD2D-3DA9359F4781}.Debug|Any CPU.Build.0 = Debug|x86
		{D27AF6D7-9FB7-493A-BD2D-3DA9359F4781}.Debug|x86.ActiveCfg = Debug|x86
		{D27AF6D7-9FB7-493A-BD2D-3DA9359F4781}.Debug|x86.Build.0 = Debug|x86
		{D27AF6D7-9FB7-493A-BD2D-3DA9359F4781}.Release|Any CPU.ActiveCfg = Release|x86
		{D27AF6D7-9FB7-493A-BD2D-3DA9359F4781}.Release|Any CPU.Build.0 = Release|x86
		{D27AF6D7-9FB7-493A-BD2D-3DA9359F4781}.Release|x86.ActiveCfg = Release|x86
		{D27AF6D7-9FB7-493A-BD2D-3DA9359F4781}.Release|x86.Build.0 = Release|x86
		{53D53C19-D776-466C-8B34-9BA8F78763C5}.Debug|Any CPU.ActiveCfg = Debug|Any CPU
		{53D53C19-D776-466C-8B34-9BA8F78763C5}.Debug|Any CPU.Build.0 = Debug|Any CPU
		{53D53C19-D776-466C-8B34-9BA8F78763C5}.Debug|x86.ActiveCfg = Debug|Any CPU
		{53D53C19-D776-466C-8B34-9BA8F78763C5}.Debug|x86.Build.0 = Debug|Any CPU
		{53D53C19-D776-466C-8B34-9BA8F78763C5}.Release|Any CPU.ActiveCfg = Release|Any CPU
		{53D53C19-D776-466C-8B34-9BA8F78763C5}.Release|Any CPU.Build.0 = Release|Any CPU
		{53D53C19-D776-466C-8B34-9BA8F78763C5}.Release|x86.ActiveCfg = Release|Any CPU
		{53D53C19-D776-466C-8B34-9BA8F78763C5}.Release|x86.Build.0 = Release|Any CPU
	EndGlobalSection
	GlobalSection(SolutionProperties) = preSolution
		HideSolutionNode = FALSE
	EndGlobalSection
	GlobalSection(ExtensibilityGlobals) = postSolution
		SolutionGuid = {9005EF38-2CAE-41AE-9FE0-FCAE807DB5DF}
	EndGlobalSection
EndGlobal
